{
    "_meta": {
        "hash": {
            "sha256": "75dd7d6508778649f2c8b923b78cdb7780794537f7bf545d7e1f42b4899f7905"
        },
        "pipfile-spec": 6,
        "requires": {
            "python_version": "3.12"
        },
        "sources": [
            {
                "name": "pypi",
                "url": "https://pypi.org/simple",
                "verify_ssl": true
            }
        ]
    },
    "default": {
        "python-dotenv": {
            "hashes": [
                "sha256:e324ee90a023d808f1959c46bcbc04446a10ced277783dc6ee09987c37ec10ca",
                "sha256:f7b63ef50f1b690dddf550d03497b66d609393b40b564ed0d674909a68ebf16a"
            ],
            "index": "pypi",
            "markers": "python_version >= '3.8'",
            "version": "==1.0.1"
        },
        "tk": {
            "hashes": [
                "sha256:60bc8923d5d35f67f5c6bd93d4f0c49d2048114ec077768f959aef36d4ed97f8",
                "sha256:703a69ff0d5ba2bd2f7440582ad10160e4a6561595d33457dc6caa79b9bf4930"
            ],
            "index": "pypi",
            "version": "==0.1.0"
        },
        "tkinterdnd2": {
            "hashes": [
                "sha256:00180ac38d86578441dea4662026c7867a022e14501ad492f81e22e22135ceb6",
                "sha256:73eb0a2e380f49687c1ac3b499014b09b53febc7f93d7ab4fefa4ede9691ab57"
            ],
            "index": "pypi",
            "markers": "python_version >= '3.6'",
            "version": "==0.4.2"
        }
    },
    "develop": {}
}
